
Microsoft Visual Studio Solution File, Format Version 12.00
# Visual Studio Version 16
VisualStudioVersion = 16.0.30503.244
MinimumVisualStudioVersion = 10.0.40219.1
Project("{FAE04EC0-301F-11D3-BF4B-00C04F79EFBC}") = "ApiGateway", "ApiGateway\ApiGateway.csproj", "{1D8AC27E-B566-42A1-812D-C8335159F60F}"
EndProject
Global
	GlobalSection(SolutionConfigurationPlatforms) = preSolution
		Debug|Any CPU = Debug|Any CPU
		Release|Any CPU = Release|Any CPU
	EndGlobalSection
	GlobalSection(ProjectConfigurationPlatforms) = postSolution
		{1D8AC27E-B566-42A1-812D-C8335159F60F}.Debug|Any CPU.ActiveCfg = Debug|Any CPU
		{1D8AC27E-B566-42A1-812D-C8335159F60F}.Debug|Any CPU.Build.0 = Debug|Any CPU
		{1D8AC27E-B566-42A1-812D-C8335159F60F}.Release|Any CPU.ActiveCfg = Release|Any CPU
		{1D8AC27E-B566-42A1-812D-C8335159F60F}.Release|Any CPU.Build.0 = Release|Any CPU
	EndGlobalSection
	GlobalSection(SolutionProperties) = preSolution
		HideSolutionNode = FALSE
	EndGlobalSection
	GlobalSection(ExtensibilityGlobals) = postSolution
		SolutionGuid = {BC1A38A2-ECD3-4233-B3A8-DE73543AE57A}
	EndGlobalSection
EndGlobal
